
Microsoft Visual Studio Solution File, Format Version 12.00
# Visual Studio 14
VisualStudioVersion = 14.0.25420.1
MinimumVisualStudioVersion = 10.0.40219.1
Project("{FAE04EC0-301F-11D3-BF4B-00C04F79EFBC}") = "Sitecore.SSC.EntityServicesExammple", "Sitecore.SSC.EntityServicesExammple\Sitecore.SSC.EntityServicesExammple.csproj", "{97A698B0-868A-4C35-939B-345580C057D3}"
EndProject
Project("{FAE04EC0-301F-11D3-BF4B-00C04F79EFBC}") = "SimpleSSCClient", "SimpleSSCClient\SimpleSSCClient.csproj", "{D725918A-D510-4697-A586-DF9F75203164}"
EndProject
Global
	GlobalSection(SolutionConfigurationPlatforms) = preSolution
		Debug|Any CPU = Debug|Any CPU
		Release|Any CPU = Release|Any CPU
	EndGlobalSection
	GlobalSection(ProjectConfigurationPlatforms) = postSolution
		{97A698B0-868A-4C35-939B-345580C057D3}.Debug|Any CPU.ActiveCfg = Debug|Any CPU
		{97A698B0-868A-4C35-939B-345580C057D3}.Debug|Any CPU.Build.0 = Debug|Any CPU
		{97A698B0-868A-4C35-939B-345580C057D3}.Release|Any CPU.ActiveCfg = Release|Any CPU
		{97A698B0-868A-4C35-939B-345580C057D3}.Release|Any CPU.Build.0 = Release|Any CPU
		{D725918A-D510-4697-A586-DF9F75203164}.Debug|Any CPU.ActiveCfg = Debug|Any CPU
		{D725918A-D510-4697-A586-DF9F75203164}.Debug|Any CPU.Build.0 = Debug|Any CPU
		{D725918A-D510-4697-A586-DF9F75203164}.Release|Any CPU.ActiveCfg = Release|Any CPU
		{D725918A-D510-4697-A586-DF9F75203164}.Release|Any CPU.Build.0 = Release|Any CPU
	EndGlobalSection
	GlobalSection(SolutionProperties) = preSolution
		HideSolutionNode = FALSE
	EndGlobalSection
EndGlobal
